<?xml version="1.0" encoding="utf-8"?>
<Project ToolsVersion="4.0" xmlns="http://schemas.microsoft.com/developer/msbuild/2003">
  <ItemGroup>
    <Filter Include="소스 파일">
      <UniqueIdentifier>{4FC737F1-C7A5-4376-A066-2A32D752A2FF}</UniqueIdentifier>
      <Extensions>cpp;c;cc;cxx;c++;cppm;ixx;def;odl;idl;hpj;bat;asm;asmx</Extensions>
    </Filter>
    <Filter Include="헤더 파일">
      <UniqueIdentifier>{93995380-89BD-4b04-88EB-625FBE52EBFB}</UniqueIdentifier>
      <Extensions>h;hh;hpp;hxx;h++;hm;inl;inc;ipp;xsd</Extensions>
    </Filter>
    <Filter Include="리소스 파일">
      <UniqueIdentifier>{67DA6AB6-F800-4c08-8B7A-83BB121AAD01}</UniqueIdentifier>
      <Extensions>rc;ico;cur;bmp;dlg;rc2;rct;bin;rgs;gif;jpg;jpeg;jpe;resx;tiff;tif;png;wav;mfcribbon-ms</Extensions>
    </Filter>
    <Filter Include="헤더 파일\Item">
      <UniqueIdentifier>{a3a7fc29-efa6-4e6d-94ad-3cfd11e9a9e2}</UniqueIdentifier>
    </Filter>
    <Filter Include="헤더 파일\Character">
      <UniqueIdentifier>{5b636689-191e-40c3-bc28-24c492c9b579}</UniqueIdentifier>
    </Filter>
    <Filter Include="헤더 파일\Monster">
      <UniqueIdentifier>{9621be77-1745-4e4d-b59a-664b1d1d94f8}</UniqueIdentifier>
    </Filter>
    <Filter Include="헤더 파일\Ui">
      <UniqueIdentifier>{85cf1fcc-3a39-47b2-891e-85ba5324656b}</UniqueIdentifier>
    </Filter>
    <Filter Include="헤더 파일\Inventory">
      <UniqueIdentifier>{07ca9805-d8cc-4839-9fa1-964f2547984d}</UniqueIdentifier>
    </Filter>
    <Filter Include="소스 파일\Item">
      <UniqueIdentifier>{bb4a151e-11d5-4913-a258-edac8fa68577}</UniqueIdentifier>
    </Filter>
    <Filter Include="소스 파일\Character">
      <UniqueIdentifier>{f3d8ff41-af67-48a2-8dd3-29cd2f09a26c}</UniqueIdentifier>
    </Filter>
    <Filter Include="소스 파일\Monster">
      <UniqueIdentifier>{b1bcef8a-7382-4873-afd0-898c7e60552c}</UniqueIdentifier>
    </Filter>
    <Filter Include="소스 파일\Inventory">
      <UniqueIdentifier>{02e92dca-b4aa-4688-a49e-a171b57318d3}</UniqueIdentifier>
    </Filter>
    <Filter Include="소스 파일\Ui">
      <UniqueIdentifier>{9def5a14-8260-451f-bfdf-69ad02164147}</UniqueIdentifier>
    </Filter>
  </ItemGroup>
  <ItemGroup>
    <ClCompile Include="main.cpp">
      <Filter>소스 파일</Filter>
    </ClCompile>
    <ClCompile Include="MainSystem.cpp">
      <Filter>소스 파일</Filter>
    </ClCompile>
    <ClCompile Include="MainUi.cpp">
      <Filter>소스 파일\Ui</Filter>
    </ClCompile>
    <ClCompile Include="DungeonUi.cpp">
      <Filter>소스 파일\Ui</Filter>
    </ClCompile>
    <ClCompile Include="FarmUi.cpp">
      <Filter>소스 파일\Ui</Filter>
    </ClCompile>
    <ClCompile Include="Body.cpp">
      <Filter>소스 파일\Inventory</Filter>
    </ClCompile>
    <ClCompile Include="Equipment.cpp">
      <Filter>소스 파일\Inventory</Filter>
    </ClCompile>
    <ClCompile Include="Head.cpp">
      <Filter>소스 파일\Inventory</Filter>
    </ClCompile>
    <ClCompile Include="Inventory.cpp">
      <Filter>소스 파일\Inventory</Filter>
    </ClCompile>
    <ClCompile Include="Leg.cpp">
      <Filter>소스 파일\Inventory</Filter>
    </ClCompile>
    <ClCompile Include="Weapon.cpp">
      <Filter>소스 파일\Inventory</Filter>
    </ClCompile>
    <ClCompile Include="Monster.cpp">
      <Filter>소스 파일\Monster</Filter>
    </ClCompile>
    <ClCompile Include="Slime.cpp">
      <Filter>소스 파일\Monster</Filter>
    </ClCompile>
    <ClCompile Include="Wolf.cpp">
      <Filter>소스 파일\Monster</Filter>
    </ClCompile>
    <ClCompile Include="Character.cpp">
      <Filter>소스 파일\Character</Filter>
    </ClCompile>
    <ClCompile Include="Archer.cpp">
      <Filter>소스 파일\Character</Filter>
    </ClCompile>
    <ClCompile Include="Socerer.cpp">
      <Filter>소스 파일\Character</Filter>
    </ClCompile>
    <ClCompile Include="Warrior.cpp">
      <Filter>소스 파일\Character</Filter>
    </ClCompile>
    <ClCompile Include="BodyItem.cpp">
      <Filter>소스 파일\Item</Filter>
    </ClCompile>
    <ClCompile Include="HeadItem.cpp">
      <Filter>소스 파일\Item</Filter>
    </ClCompile>
    <ClCompile Include="Item.cpp">
      <Filter>소스 파일\Item</Filter>
    </ClCompile>
    <ClCompile Include="LegItem.cpp">
      <Filter>소스 파일\Item</Filter>
    </ClCompile>
    <ClCompile Include="WeaponItem.cpp">
      <Filter>소스 파일\Item</Filter>
    </ClCompile>
    <ClCompile Include="Goblin.cpp">
      <Filter>소스 파일\Monster</Filter>
    </ClCompile>
  </ItemGroup>
  <ItemGroup>
    <ClInclude Include="MainSystem.h">
      <Filter>헤더 파일</Filter>
    </ClInclude>
    <ClInclude Include="BodyItem.h">
      <Filter>헤더 파일\Item</Filter>
    </ClInclude>
    <ClInclude Include="HeadItem.h">
      <Filter>헤더 파일\Item</Filter>
    </ClInclude>
    <ClInclude Include="Item.h">
      <Filter>헤더 파일\Item</Filter>
    </ClInclude>
    <ClInclude Include="LegItem.h">
      <Filter>헤더 파일\Item</Filter>
    </ClInclude>
    <ClInclude Include="WeaponItem.h">
      <Filter>헤더 파일\Item</Filter>
    </ClInclude>
    <ClInclude Include="Character.h">
      <Filter>헤더 파일\Character</Filter>
    </ClInclude>
    <ClInclude Include="Monster.h">
      <Filter>헤더 파일\Monster</Filter>
    </ClInclude>
    <ClInclude Include="FarmUi.h">
      <Filter>헤더 파일\Ui</Filter>
    </ClInclude>
    <ClInclude Include="MainUi.h">
      <Filter>헤더 파일\Ui</Filter>
    </ClInclude>
    <ClInclude Include="DungeonUi.h">
      <Filter>헤더 파일\Ui</Filter>
    </ClInclude>
    <ClInclude Include="Weapon.h">
      <Filter>헤더 파일\Inventory</Filter>
    </ClInclude>
    <ClInclude Include="Inventory.h">
      <Filter>헤더 파일\Inventory</Filter>
    </ClInclude>
    <ClInclude Include="Body.h">
      <Filter>헤더 파일\Inventory</Filter>
    </ClInclude>
    <ClInclude Include="Leg.h">
      <Filter>헤더 파일\Inventory</Filter>
    </ClInclude>
    <ClInclude Include="Head.h">
      <Filter>헤더 파일\Inventory</Filter>
    </ClInclude>
    <ClInclude Include="Equipment.h">
      <Filter>헤더 파일\Inventory</Filter>
    </ClInclude>
    <ClInclude Include="Archer.h">
      <Filter>헤더 파일\Character</Filter>
    </ClInclude>
    <ClInclude Include="Socerer.h">
      <Filter>헤더 파일\Character</Filter>
    </ClInclude>
    <ClInclude Include="Warrior.h">
      <Filter>헤더 파일\Character</Filter>
    </ClInclude>
    <ClInclude Include="Goblin.h">
      <Filter>헤더 파일\Monster</Filter>
    </ClInclude>
    <ClInclude Include="Slime.h">
      <Filter>헤더 파일\Monster</Filter>
    </ClInclude>
    <ClInclude Include="Wolf.h">
      <Filter>헤더 파일\Monster</Filter>
    </ClInclude>
  </ItemGroup>
</Project>